
Microsoft Visual Studio Solution File, Format Version 12.00
# Visual Studio Version 16
VisualStudioVersion = 16.0.32510.428
MinimumVisualStudioVersion = 10.0.40219.1
Project("{8BC9CEB8-8B4A-11D0-8D11-00A0C91BC942}") = "OpenGLInstance", "OpenGLInstance\OpenGLInstance.vcxproj", "{57891E80-784C-4FF1-830A-AB980F1A56AD}"
EndProject
Project("{8BC9CEB8-8B4A-11D0-8D11-00A0C91BC942}") = "Triangle", "Triangle\Triangle.vcxproj", "{95B82FD7-AF21-4D62-A247-95C32F3E009D}"
EndProject
Project("{8BC9CEB8-8B4A-11D0-8D11-00A0C91BC942}") = "Shader", "Shader\Shader.vcxproj", "{FE9DC19A-51D1-48BB-830C-FDCCD2134613}"
EndProject
Project("{8BC9CEB8-8B4A-11D0-8D11-00A0C91BC942}") = "Texture", "Texture\Texture.vcxproj", "{3F396960-8384-409F-943C-B556618E52A5}"
EndProject
Project("{8BC9CEB8-8B4A-11D0-8D11-00A0C91BC942}") = "Transform", "Transform\Transform.vcxproj", "{B24E7014-B545-4CBD-88E8-479162CCB68D}"
EndProject
Project("{8BC9CEB8-8B4A-11D0-8D11-00A0C91BC942}") = "CoordinatesSystem", "CoordinatesSystem\CoordinatesSystem.vcxproj", "{432FCFBB-19C2-4989-BFE5-865CFC6D434C}"
EndProject
Project("{8BC9CEB8-8B4A-11D0-8D11-00A0C91BC942}") = "Camera", "Camera\Camera.vcxproj", "{CEA0ADEE-ECDB-4014-87B4-6D12BCB21718}"
EndProject
Project("{8BC9CEB8-8B4A-11D0-8D11-00A0C91BC942}") = "Color", "Color\Color.vcxproj", "{85FF825A-C770-4D76-92EA-291B854F672C}"
EndProject
Project("{8BC9CEB8-8B4A-11D0-8D11-00A0C91BC942}") = "BasicLighting", "BasicLighting\BasicLighting.vcxproj", "{EFC05459-021B-4C23-AE76-1C2CE0894CF2}"
EndProject
Global
	GlobalSection(SolutionConfigurationPlatforms) = preSolution
		Debug|x64 = Debug|x64
		Debug|x86 = Debug|x86
		Release|x64 = Release|x64
		Release|x86 = Release|x86
	EndGlobalSection
	GlobalSection(ProjectConfigurationPlatforms) = postSolution
		{57891E80-784C-4FF1-830A-AB980F1A56AD}.Debug|x64.ActiveCfg = Debug|x64
		{57891E80-784C-4FF1-830A-AB980F1A56AD}.Debug|x64.Build.0 = Debug|x64
		{57891E80-784C-4FF1-830A-AB980F1A56AD}.Debug|x86.ActiveCfg = Debug|Win32
		{57891E80-784C-4FF1-830A-AB980F1A56AD}.Debug|x86.Build.0 = Debug|Win32
		{57891E80-784C-4FF1-830A-AB980F1A56AD}.Release|x64.ActiveCfg = Release|x64
		{57891E80-784C-4FF1-830A-AB980F1A56AD}.Release|x64.Build.0 = Release|x64
		{57891E80-784C-4FF1-830A-AB980F1A56AD}.Release|x86.ActiveCfg = Release|Win32
		{57891E80-784C-4FF1-830A-AB980F1A56AD}.Release|x86.Build.0 = Release|Win32
		{95B82FD7-AF21-4D62-A247-95C32F3E009D}.Debug|x64.ActiveCfg = Debug|x64
		{95B82FD7-AF21-4D62-A247-95C32F3E009D}.Debug|x64.Build.0 = Debug|x64
		{95B82FD7-AF21-4D62-A247-95C32F3E009D}.Debug|x86.ActiveCfg = Debug|Win32
		{95B82FD7-AF21-4D62-A247-95C32F3E009D}.Debug|x86.Build.0 = Debug|Win32
		{95B82FD7-AF21-4D62-A247-95C32F3E009D}.Release|x64.ActiveCfg = Release|x64
		{95B82FD7-AF21-4D62-A247-95C32F3E009D}.Release|x64.Build.0 = Release|x64
		{95B82FD7-AF21-4D62-A247-95C32F3E009D}.Release|x86.ActiveCfg = Release|Win32
		{95B82FD7-AF21-4D62-A247-95C32F3E009D}.Release|x86.Build.0 = Release|Win32
		{FE9DC19A-51D1-48BB-830C-FDCCD2134613}.Debug|x64.ActiveCfg = Debug|x64
		{FE9DC19A-51D1-48BB-830C-FDCCD2134613}.Debug|x64.Build.0 = Debug|x64
		{FE9DC19A-51D1-48BB-830C-FDCCD2134613}.Debug|x86.ActiveCfg = Debug|Win32
		{FE9DC19A-51D1-48BB-830C-FDCCD2134613}.Debug|x86.Build.0 = Debug|Win32
		{FE9DC19A-51D1-48BB-830C-FDCCD2134613}.Release|x64.ActiveCfg = Release|x64
		{FE9DC19A-51D1-48BB-830C-FDCCD2134613}.Release|x64.Build.0 = Release|x64
		{FE9DC19A-51D1-48BB-830C-FDCCD2134613}.Release|x86.ActiveCfg = Release|Win32
		{FE9DC19A-51D1-48BB-830C-FDCCD2134613}.Release|x86.Build.0 = Release|Win32
		{3F396960-8384-409F-943C-B556618E52A5}.Debug|x64.ActiveCfg = Debug|x64
		{3F396960-8384-409F-943C-B556618E52A5}.Debug|x64.Build.0 = Debug|x64
		{3F396960-8384-409F-943C-B556618E52A5}.Debug|x86.ActiveCfg = Debug|Win32
		{3F396960-8384-409F-943C-B556618E52A5}.Debug|x86.Build.0 = Debug|Win32
		{3F396960-8384-409F-943C-B556618E52A5}.Release|x64.ActiveCfg = Release|x64
		{3F396960-8384-409F-943C-B556618E52A5}.Release|x64.Build.0 = Release|x64
		{3F396960-8384-409F-943C-B556618E52A5}.Release|x86.ActiveCfg = Release|Win32
		{3F396960-8384-409F-943C-B556618E52A5}.Release|x86.Build.0 = Release|Win32
		{B24E7014-B545-4CBD-88E8-479162CCB68D}.Debug|x64.ActiveCfg = Debug|x64
		{B24E7014-B545-4CBD-88E8-479162CCB68D}.Debug|x64.Build.0 = Debug|x64
		{B24E7014-B545-4CBD-88E8-479162CCB68D}.Debug|x86.ActiveCfg = Debug|Win32
		{B24E7014-B545-4CBD-88E8-479162CCB68D}.Debug|x86.Build.0 = Debug|Win32
		{B24E7014-B545-4CBD-88E8-479162CCB68D}.Release|x64.ActiveCfg = Release|x64
		{B24E7014-B545-4CBD-88E8-479162CCB68D}.Release|x64.Build.0 = Release|x64
		{B24E7014-B545-4CBD-88E8-479162CCB68D}.Release|x86.ActiveCfg = Release|Win32
		{B24E7014-B545-4CBD-88E8-479162CCB68D}.Release|x86.Build.0 = Release|Win32
		{432FCFBB-19C2-4989-BFE5-865CFC6D434C}.Debug|x64.ActiveCfg = Debug|x64
		{432FCFBB-19C2-4989-BFE5-865CFC6D434C}.Debug|x64.Build.0 = Debug|x64
		{432FCFBB-19C2-4989-BFE5-865CFC6D434C}.Debug|x86.ActiveCfg = Debug|Win32
		{432FCFBB-19C2-4989-BFE5-865CFC6D434C}.Debug|x86.Build.0 = Debug|Win32
		{432FCFBB-19C2-4989-BFE5-865CFC6D434C}.Release|x64.ActiveCfg = Release|x64
		{432FCFBB-19C2-4989-BFE5-865CFC6D434C}.Release|x64.Build.0 = Release|x64
		{432FCFBB-19C2-4989-BFE5-865CFC6D434C}.Release|x86.ActiveCfg = Release|Win32
		{432FCFBB-19C2-4989-BFE5-865CFC6D434C}.Release|x86.Build.0 = Release|Win32
		{CEA0ADEE-ECDB-4014-87B4-6D12BCB21718}.Debug|x64.ActiveCfg = Debug|x64
		{CEA0ADEE-ECDB-4014-87B4-6D12BCB21718}.Debug|x64.Build.0 = Debug|x64
		{CEA0ADEE-ECDB-4014-87B4-6D12BCB21718}.Debug|x86.ActiveCfg = Debug|Win32
		{CEA0ADEE-ECDB-4014-87B4-6D12BCB21718}.Debug|x86.Build.0 = Debug|Win32
		{CEA0ADEE-ECDB-4014-87B4-6D12BCB21718}.Release|x64.ActiveCfg = Release|x64
		{CEA0ADEE-ECDB-4014-87B4-6D12BCB21718}.Release|x64.Build.0 = Release|x64
		{CEA0ADEE-ECDB-4014-87B4-6D12BCB21718}.Release|x86.ActiveCfg = Release|Win32
		{CEA0ADEE-ECDB-4014-87B4-6D12BCB21718}.Release|x86.Build.0 = Release|Win32
		{85FF825A-C770-4D76-92EA-291B854F672C}.Debug|x64.ActiveCfg = Debug|x64
		{85FF825A-C770-4D76-92EA-291B854F672C}.Debug|x64.Build.0 = Debug|x64
		{85FF825A-C770-4D76-92EA-291B854F672C}.Debug|x86.ActiveCfg = Debug|Win32
		{85FF825A-C770-4D76-92EA-291B854F672C}.Debug|x86.Build.0 = Debug|Win32
		{85FF825A-C770-4D76-92EA-291B854F672C}.Release|x64.ActiveCfg = Release|x64
		{85FF825A-C770-4D76-92EA-291B854F672C}.Release|x64.Build.0 = Release|x64
		{85FF825A-C770-4D76-92EA-291B854F672C}.Release|x86.ActiveCfg = Release|Win32
		{85FF825A-C770-4D76-92EA-291B854F672C}.Release|x86.Build.0 = Release|Win32
		{EFC05459-021B-4C23-AE76-1C2CE0894CF2}.Debug|x64.ActiveCfg = Debug|x64
		{EFC05459-021B-4C23-AE76-1C2CE0894CF2}.Debug|x64.Build.0 = Debug|x64
		{EFC05459-021B-4C23-AE76-1C2CE0894CF2}.Debug|x86.ActiveCfg = Debug|Win32
		{EFC05459-021B-4C23-AE76-1C2CE0894CF2}.Debug|x86.Build.0 = Debug|Win32
		{EFC05459-021B-4C23-AE76-1C2CE0894CF2}.Release|x64.ActiveCfg = Release|x64
		{EFC05459-021B-4C23-AE76-1C2CE0894CF2}.Release|x64.Build.0 = Release|x64
		{EFC05459-021B-4C23-AE76-1C2CE0894CF2}.Release|x86.ActiveCfg = Release|Win32
		{EFC05459-021B-4C23-AE76-1C2CE0894CF2}.Release|x86.Build.0 = Release|Win32
	EndGlobalSection
	GlobalSection(SolutionProperties) = preSolution
		HideSolutionNode = FALSE
	EndGlobalSection
	GlobalSection(ExtensibilityGlobals) = postSolution
		SolutionGuid = {ECCE94CB-A2E8-4A36-B840-41F2D7FAC157}
	EndGlobalSection
EndGlobal
