
Microsoft Visual Studio Solution File, Format Version 12.00
# Visual Studio Version 16
VisualStudioVersion = 16.0.32510.428
MinimumVisualStudioVersion = 10.0.40219.1
Project("{8BC9CEB8-8B4A-11D0-8D11-00A0C91BC942}") = "OpenGLInstance", "OpenGLInstance\OpenGLInstance.vcxproj", "{57891E80-784C-4FF1-830A-AB980F1A56AD}"
EndProject
Project("{8BC9CEB8-8B4A-11D0-8D11-00A0C91BC942}") = "Triangle", "Triangle\Triangle.vcxproj", "{95B82FD7-AF21-4D62-A247-95C32F3E009D}"
EndProject
Project("{8BC9CEB8-8B4A-11D0-8D11-00A0C91BC942}") = "Shader", "Shader\Shader.vcxproj", "{FE9DC19A-51D1-48BB-830C-FDCCD2134613}"
EndProject
Global
	GlobalSection(SolutionConfigurationPlatforms) = preSolution
		Debug|x64 = Debug|x64
		Debug|x86 = Debug|x86
		Release|x64 = Release|x64
		Release|x86 = Release|x86
	EndGlobalSection
	GlobalSection(ProjectConfigurationPlatforms) = postSolution
		{57891E80-784C-4FF1-830A-AB980F1A56AD}.Debug|x64.ActiveCfg = Debug|x64
		{57891E80-784C-4FF1-830A-AB980F1A56AD}.Debug|x64.Build.0 = Debug|x64
		{57891E80-784C-4FF1-830A-AB980F1A56AD}.Debug|x86.ActiveCfg = Debug|Win32
		{57891E80-784C-4FF1-830A-AB980F1A56AD}.Debug|x86.Build.0 = Debug|Win32
		{57891E80-784C-4FF1-830A-AB980F1A56AD}.Release|x64.ActiveCfg = Release|x64
		{57891E80-784C-4FF1-830A-AB980F1A56AD}.Release|x64.Build.0 = Release|x64
		{57891E80-784C-4FF1-830A-AB980F1A56AD}.Release|x86.ActiveCfg = Release|Win32
		{57891E80-784C-4FF1-830A-AB980F1A56AD}.Release|x86.Build.0 = Release|Win32
		{95B82FD7-AF21-4D62-A247-95C32F3E009D}.Debug|x64.ActiveCfg = Debug|x64
		{95B82FD7-AF21-4D62-A247-95C32F3E009D}.Debug|x64.Build.0 = Debug|x64
		{95B82FD7-AF21-4D62-A247-95C32F3E009D}.Debug|x86.ActiveCfg = Debug|Win32
		{95B82FD7-AF21-4D62-A247-95C32F3E009D}.Debug|x86.Build.0 = Debug|Win32
		{95B82FD7-AF21-4D62-A247-95C32F3E009D}.Release|x64.ActiveCfg = Release|x64
		{95B82FD7-AF21-4D62-A247-95C32F3E009D}.Release|x64.Build.0 = Release|x64
		{95B82FD7-AF21-4D62-A247-95C32F3E009D}.Release|x86.ActiveCfg = Release|Win32
		{95B82FD7-AF21-4D62-A247-95C32F3E009D}.Release|x86.Build.0 = Release|Win32
		{FE9DC19A-51D1-48BB-830C-FDCCD2134613}.Debug|x64.ActiveCfg = Debug|x64
		{FE9DC19A-51D1-48BB-830C-FDCCD2134613}.Debug|x64.Build.0 = Debug|x64
		{FE9DC19A-51D1-48BB-830C-FDCCD2134613}.Debug|x86.ActiveCfg = Debug|Win32
		{FE9DC19A-51D1-48BB-830C-FDCCD2134613}.Debug|x86.Build.0 = Debug|Win32
		{FE9DC19A-51D1-48BB-830C-FDCCD2134613}.Release|x64.ActiveCfg = Release|x64
		{FE9DC19A-51D1-48BB-830C-FDCCD2134613}.Release|x64.Build.0 = Release|x64
		{FE9DC19A-51D1-48BB-830C-FDCCD2134613}.Release|x86.ActiveCfg = Release|Win32
		{FE9DC19A-51D1-48BB-830C-FDCCD2134613}.Release|x86.Build.0 = Release|Win32
	EndGlobalSection
	GlobalSection(SolutionProperties) = preSolution
		HideSolutionNode = FALSE
	EndGlobalSection
	GlobalSection(ExtensibilityGlobals) = postSolution
		SolutionGuid = {ECCE94CB-A2E8-4A36-B840-41F2D7FAC157}
	EndGlobalSection
EndGlobal
