
Microsoft Visual Studio Solution File, Format Version 12.00
# Visual Studio Version 16
VisualStudioVersion = 16.0.32510.428
MinimumVisualStudioVersion = 10.0.40219.1
Project("{8BC9CEB8-8B4A-11D0-8D11-00A0C91BC942}") = "OpenGLInstance", "OpenGLInstance\OpenGLInstance.vcxproj", "{57891E80-784C-4FF1-830A-AB980F1A56AD}"
EndProject
Project("{8BC9CEB8-8B4A-11D0-8D11-00A0C91BC942}") = "Triangle", "Triangle\Triangle.vcxproj", "{95B82FD7-AF21-4D62-A247-95C32F3E009D}"
EndProject
Project("{8BC9CEB8-8B4A-11D0-8D11-00A0C91BC942}") = "Shader", "Shader\Shader.vcxproj", "{FE9DC19A-51D1-48BB-830C-FDCCD2134613}"
EndProject
Project("{8BC9CEB8-8B4A-11D0-8D11-00A0C91BC942}") = "Texture", "Texture\Texture.vcxproj", "{3F396960-8384-409F-943C-B556618E52A5}"
EndProject
Project("{8BC9CEB8-8B4A-11D0-8D11-00A0C91BC942}") = "Transform", "Transform\Transform.vcxproj", "{B24E7014-B545-4CBD-88E8-479162CCB68D}"
EndProject
Project("{8BC9CEB8-8B4A-11D0-8D11-00A0C91BC942}") = "CoordinatesSystem", "CoordinatesSystem\CoordinatesSystem.vcxproj", "{432FCFBB-19C2-4989-BFE5-865CFC6D434C}"
EndProject
Project("{8BC9CEB8-8B4A-11D0-8D11-00A0C91BC942}") = "Camera", "Camera\Camera.vcxproj", "{CEA0ADEE-ECDB-4014-87B4-6D12BCB21718}"
EndProject
Project("{8BC9CEB8-8B4A-11D0-8D11-00A0C91BC942}") = "Color", "Color\Color.vcxproj", "{85FF825A-C770-4D76-92EA-291B854F672C}"
EndProject
Project("{8BC9CEB8-8B4A-11D0-8D11-00A0C91BC942}") = "BasicLighting", "BasicLighting\BasicLighting.vcxproj", "{EFC05459-021B-4C23-AE76-1C2CE0894CF2}"
EndProject
Project("{8BC9CEB8-8B4A-11D0-8D11-00A0C91BC942}") = "LightingMaps", "LightingMaps\LightingMaps.vcxproj", "{8EB8AD4D-3F1B-4088-9966-05D11490CA61}"
EndProject
Project("{8BC9CEB8-8B4A-11D0-8D11-00A0C91BC942}") = "Materials", "Materials\Materials.vcxproj", "{1C210845-D3BD-4CA7-A524-60652A70A031}"
EndProject
Project("{8BC9CEB8-8B4A-11D0-8D11-00A0C91BC942}") = "LightCasters", "LightCasters\LightCasters.vcxproj", "{FEEC591F-FBB5-483A-AB21-24DC1ECCD19D}"
EndProject
Project("{8BC9CEB8-8B4A-11D0-8D11-00A0C91BC942}") = "AssimpInstance", "AssimpInstance\AssimpInstance.vcxproj", "{B720B258-0C20-4187-B984-0A5A0CAC0DE8}"
EndProject
Project("{8BC9CEB8-8B4A-11D0-8D11-00A0C91BC942}") = "3DModel", "3DModel\3DModel.vcxproj", "{287A008A-A884-4577-8E6F-4F05BA596316}"
EndProject
Project("{8BC9CEB8-8B4A-11D0-8D11-00A0C91BC942}") = "DepthTesting", "DepthTesting\DepthTesting.vcxproj", "{6BA9D5E0-61D9-417E-8A3F-8423EFA4CB94}"
EndProject
Project("{8BC9CEB8-8B4A-11D0-8D11-00A0C91BC942}") = "StencilTesting", "StencilTesting\StencilTesting.vcxproj", "{6496A38B-FA37-4F48-A513-73419FED8676}"
EndProject
Project("{8BC9CEB8-8B4A-11D0-8D11-00A0C91BC942}") = "Blending", "Blending\Blending.vcxproj", "{4681ECE5-AACD-4F20-9964-101A5C655EE4}"
EndProject
Project("{8BC9CEB8-8B4A-11D0-8D11-00A0C91BC942}") = "FaceCulling", "FaceCulling\FaceCulling.vcxproj", "{AD61B373-9411-42EE-8C92-833DA8BD5A00}"
EndProject
Project("{8BC9CEB8-8B4A-11D0-8D11-00A0C91BC942}") = "FrameBuffer", "FrameBuffer\FrameBuffer.vcxproj", "{0A230CE3-50BB-41DF-93A6-144E87E65467}"
EndProject
Project("{8BC9CEB8-8B4A-11D0-8D11-00A0C91BC942}") = "CubeMaps", "CubeMaps\CubeMaps.vcxproj", "{B7A611E2-209B-4923-A952-8DECF28362E4}"
EndProject
Project("{8BC9CEB8-8B4A-11D0-8D11-00A0C91BC942}") = "UniformBuffer", "UniformBuffer\UniformBuffer.vcxproj", "{08416F40-EC54-4D70-B24B-6CFF0D7EFDB6}"
EndProject
Project("{8BC9CEB8-8B4A-11D0-8D11-00A0C91BC942}") = "GeometryShader", "GeometryShader\GeometryShader.vcxproj", "{8FAC70C1-7E0B-420D-8C4B-1E7BFC114362}"
EndProject
Project("{8BC9CEB8-8B4A-11D0-8D11-00A0C91BC942}") = "Instancing", "Instancing\Instancing.vcxproj", "{9EA49662-7101-43EC-BD95-7772E83E7187}"
EndProject
Project("{8BC9CEB8-8B4A-11D0-8D11-00A0C91BC942}") = "GammaCorrection", "GammaCorrection\GammaCorrection.vcxproj", "{A1F5715A-0784-483D-B19E-C51BA15258B8}"
EndProject
Project("{8BC9CEB8-8B4A-11D0-8D11-00A0C91BC942}") = "ShadowMapping", "ShadowMapping\ShadowMapping.vcxproj", "{96798D73-7E6C-406B-B5DC-73137E7C5DEF}"
EndProject
Project("{8BC9CEB8-8B4A-11D0-8D11-00A0C91BC942}") = "PointShadows", "PointShadows\PointShadows.vcxproj", "{F2A932EF-69C5-4667-9410-7463C51B3EA9}"
EndProject
Project("{8BC9CEB8-8B4A-11D0-8D11-00A0C91BC942}") = "NormalMapping", "NormalMapping\NormalMapping.vcxproj", "{EAEB35BA-7653-4F4D-AE7C-A15E5116C1EB}"
EndProject
Project("{8BC9CEB8-8B4A-11D0-8D11-00A0C91BC942}") = "ParallaxMapping", "ParallaxMapping\ParallaxMapping.vcxproj", "{A036603E-DA0E-4648-91C5-B79CA5BFB5BF}"
EndProject
Global
	GlobalSection(SolutionConfigurationPlatforms) = preSolution
		Debug|x64 = Debug|x64
		Debug|x86 = Debug|x86
		Release|x64 = Release|x64
		Release|x86 = Release|x86
	EndGlobalSection
	GlobalSection(ProjectConfigurationPlatforms) = postSolution
		{57891E80-784C-4FF1-830A-AB980F1A56AD}.Debug|x64.ActiveCfg = Debug|x64
		{57891E80-784C-4FF1-830A-AB980F1A56AD}.Debug|x64.Build.0 = Debug|x64
		{57891E80-784C-4FF1-830A-AB980F1A56AD}.Debug|x86.ActiveCfg = Debug|Win32
		{57891E80-784C-4FF1-830A-AB980F1A56AD}.Debug|x86.Build.0 = Debug|Win32
		{57891E80-784C-4FF1-830A-AB980F1A56AD}.Release|x64.ActiveCfg = Release|x64
		{57891E80-784C-4FF1-830A-AB980F1A56AD}.Release|x64.Build.0 = Release|x64
		{57891E80-784C-4FF1-830A-AB980F1A56AD}.Release|x86.ActiveCfg = Release|Win32
		{57891E80-784C-4FF1-830A-AB980F1A56AD}.Release|x86.Build.0 = Release|Win32
		{95B82FD7-AF21-4D62-A247-95C32F3E009D}.Debug|x64.ActiveCfg = Debug|x64
		{95B82FD7-AF21-4D62-A247-95C32F3E009D}.Debug|x64.Build.0 = Debug|x64
		{95B82FD7-AF21-4D62-A247-95C32F3E009D}.Debug|x86.ActiveCfg = Debug|Win32
		{95B82FD7-AF21-4D62-A247-95C32F3E009D}.Debug|x86.Build.0 = Debug|Win32
		{95B82FD7-AF21-4D62-A247-95C32F3E009D}.Release|x64.ActiveCfg = Release|x64
		{95B82FD7-AF21-4D62-A247-95C32F3E009D}.Release|x64.Build.0 = Release|x64
		{95B82FD7-AF21-4D62-A247-95C32F3E009D}.Release|x86.ActiveCfg = Release|Win32
		{95B82FD7-AF21-4D62-A247-95C32F3E009D}.Release|x86.Build.0 = Release|Win32
		{FE9DC19A-51D1-48BB-830C-FDCCD2134613}.Debug|x64.ActiveCfg = Debug|x64
		{FE9DC19A-51D1-48BB-830C-FDCCD2134613}.Debug|x64.Build.0 = Debug|x64
		{FE9DC19A-51D1-48BB-830C-FDCCD2134613}.Debug|x86.ActiveCfg = Debug|Win32
		{FE9DC19A-51D1-48BB-830C-FDCCD2134613}.Debug|x86.Build.0 = Debug|Win32
		{FE9DC19A-51D1-48BB-830C-FDCCD2134613}.Release|x64.ActiveCfg = Release|x64
		{FE9DC19A-51D1-48BB-830C-FDCCD2134613}.Release|x64.Build.0 = Release|x64
		{FE9DC19A-51D1-48BB-830C-FDCCD2134613}.Release|x86.ActiveCfg = Release|Win32
		{FE9DC19A-51D1-48BB-830C-FDCCD2134613}.Release|x86.Build.0 = Release|Win32
		{3F396960-8384-409F-943C-B556618E52A5}.Debug|x64.ActiveCfg = Debug|x64
		{3F396960-8384-409F-943C-B556618E52A5}.Debug|x64.Build.0 = Debug|x64
		{3F396960-8384-409F-943C-B556618E52A5}.Debug|x86.ActiveCfg = Debug|Win32
		{3F396960-8384-409F-943C-B556618E52A5}.Debug|x86.Build.0 = Debug|Win32
		{3F396960-8384-409F-943C-B556618E52A5}.Release|x64.ActiveCfg = Release|x64
		{3F396960-8384-409F-943C-B556618E52A5}.Release|x64.Build.0 = Release|x64
		{3F396960-8384-409F-943C-B556618E52A5}.Release|x86.ActiveCfg = Release|Win32
		{3F396960-8384-409F-943C-B556618E52A5}.Release|x86.Build.0 = Release|Win32
		{B24E7014-B545-4CBD-88E8-479162CCB68D}.Debug|x64.ActiveCfg = Debug|x64
		{B24E7014-B545-4CBD-88E8-479162CCB68D}.Debug|x64.Build.0 = Debug|x64
		{B24E7014-B545-4CBD-88E8-479162CCB68D}.Debug|x86.ActiveCfg = Debug|Win32
		{B24E7014-B545-4CBD-88E8-479162CCB68D}.Debug|x86.Build.0 = Debug|Win32
		{B24E7014-B545-4CBD-88E8-479162CCB68D}.Release|x64.ActiveCfg = Release|x64
		{B24E7014-B545-4CBD-88E8-479162CCB68D}.Release|x64.Build.0 = Release|x64
		{B24E7014-B545-4CBD-88E8-479162CCB68D}.Release|x86.ActiveCfg = Release|Win32
		{B24E7014-B545-4CBD-88E8-479162CCB68D}.Release|x86.Build.0 = Release|Win32
		{432FCFBB-19C2-4989-BFE5-865CFC6D434C}.Debug|x64.ActiveCfg = Debug|x64
		{432FCFBB-19C2-4989-BFE5-865CFC6D434C}.Debug|x64.Build.0 = Debug|x64
		{432FCFBB-19C2-4989-BFE5-865CFC6D434C}.Debug|x86.ActiveCfg = Debug|Win32
		{432FCFBB-19C2-4989-BFE5-865CFC6D434C}.Debug|x86.Build.0 = Debug|Win32
		{432FCFBB-19C2-4989-BFE5-865CFC6D434C}.Release|x64.ActiveCfg = Release|x64
		{432FCFBB-19C2-4989-BFE5-865CFC6D434C}.Release|x64.Build.0 = Release|x64
		{432FCFBB-19C2-4989-BFE5-865CFC6D434C}.Release|x86.ActiveCfg = Release|Win32
		{432FCFBB-19C2-4989-BFE5-865CFC6D434C}.Release|x86.Build.0 = Release|Win32
		{CEA0ADEE-ECDB-4014-87B4-6D12BCB21718}.Debug|x64.ActiveCfg = Debug|x64
		{CEA0ADEE-ECDB-4014-87B4-6D12BCB21718}.Debug|x64.Build.0 = Debug|x64
		{CEA0ADEE-ECDB-4014-87B4-6D12BCB21718}.Debug|x86.ActiveCfg = Debug|Win32
		{CEA0ADEE-ECDB-4014-87B4-6D12BCB21718}.Debug|x86.Build.0 = Debug|Win32
		{CEA0ADEE-ECDB-4014-87B4-6D12BCB21718}.Release|x64.ActiveCfg = Release|x64
		{CEA0ADEE-ECDB-4014-87B4-6D12BCB21718}.Release|x64.Build.0 = Release|x64
		{CEA0ADEE-ECDB-4014-87B4-6D12BCB21718}.Release|x86.ActiveCfg = Release|Win32
		{CEA0ADEE-ECDB-4014-87B4-6D12BCB21718}.Release|x86.Build.0 = Release|Win32
		{85FF825A-C770-4D76-92EA-291B854F672C}.Debug|x64.ActiveCfg = Debug|x64
		{85FF825A-C770-4D76-92EA-291B854F672C}.Debug|x64.Build.0 = Debug|x64
		{85FF825A-C770-4D76-92EA-291B854F672C}.Debug|x86.ActiveCfg = Debug|Win32
		{85FF825A-C770-4D76-92EA-291B854F672C}.Debug|x86.Build.0 = Debug|Win32
		{85FF825A-C770-4D76-92EA-291B854F672C}.Release|x64.ActiveCfg = Release|x64
		{85FF825A-C770-4D76-92EA-291B854F672C}.Release|x64.Build.0 = Release|x64
		{85FF825A-C770-4D76-92EA-291B854F672C}.Release|x86.ActiveCfg = Release|Win32
		{85FF825A-C770-4D76-92EA-291B854F672C}.Release|x86.Build.0 = Release|Win32
		{EFC05459-021B-4C23-AE76-1C2CE0894CF2}.Debug|x64.ActiveCfg = Debug|x64
		{EFC05459-021B-4C23-AE76-1C2CE0894CF2}.Debug|x64.Build.0 = Debug|x64
		{EFC05459-021B-4C23-AE76-1C2CE0894CF2}.Debug|x86.ActiveCfg = Debug|Win32
		{EFC05459-021B-4C23-AE76-1C2CE0894CF2}.Debug|x86.Build.0 = Debug|Win32
		{EFC05459-021B-4C23-AE76-1C2CE0894CF2}.Release|x64.ActiveCfg = Release|x64
		{EFC05459-021B-4C23-AE76-1C2CE0894CF2}.Release|x64.Build.0 = Release|x64
		{EFC05459-021B-4C23-AE76-1C2CE0894CF2}.Release|x86.ActiveCfg = Release|Win32
		{EFC05459-021B-4C23-AE76-1C2CE0894CF2}.Release|x86.Build.0 = Release|Win32
		{8EB8AD4D-3F1B-4088-9966-05D11490CA61}.Debug|x64.ActiveCfg = Debug|x64
		{8EB8AD4D-3F1B-4088-9966-05D11490CA61}.Debug|x64.Build.0 = Debug|x64
		{8EB8AD4D-3F1B-4088-9966-05D11490CA61}.Debug|x86.ActiveCfg = Debug|Win32
		{8EB8AD4D-3F1B-4088-9966-05D11490CA61}.Debug|x86.Build.0 = Debug|Win32
		{8EB8AD4D-3F1B-4088-9966-05D11490CA61}.Release|x64.ActiveCfg = Release|x64
		{8EB8AD4D-3F1B-4088-9966-05D11490CA61}.Release|x64.Build.0 = Release|x64
		{8EB8AD4D-3F1B-4088-9966-05D11490CA61}.Release|x86.ActiveCfg = Release|Win32
		{8EB8AD4D-3F1B-4088-9966-05D11490CA61}.Release|x86.Build.0 = Release|Win32
		{1C210845-D3BD-4CA7-A524-60652A70A031}.Debug|x64.ActiveCfg = Debug|x64
		{1C210845-D3BD-4CA7-A524-60652A70A031}.Debug|x64.Build.0 = Debug|x64
		{1C210845-D3BD-4CA7-A524-60652A70A031}.Debug|x86.ActiveCfg = Debug|Win32
		{1C210845-D3BD-4CA7-A524-60652A70A031}.Debug|x86.Build.0 = Debug|Win32
		{1C210845-D3BD-4CA7-A524-60652A70A031}.Release|x64.ActiveCfg = Release|x64
		{1C210845-D3BD-4CA7-A524-60652A70A031}.Release|x64.Build.0 = Release|x64
		{1C210845-D3BD-4CA7-A524-60652A70A031}.Release|x86.ActiveCfg = Release|Win32
		{1C210845-D3BD-4CA7-A524-60652A70A031}.Release|x86.Build.0 = Release|Win32
		{FEEC591F-FBB5-483A-AB21-24DC1ECCD19D}.Debug|x64.ActiveCfg = Debug|x64
		{FEEC591F-FBB5-483A-AB21-24DC1ECCD19D}.Debug|x64.Build.0 = Debug|x64
		{FEEC591F-FBB5-483A-AB21-24DC1ECCD19D}.Debug|x86.ActiveCfg = Debug|Win32
		{FEEC591F-FBB5-483A-AB21-24DC1ECCD19D}.Debug|x86.Build.0 = Debug|Win32
		{FEEC591F-FBB5-483A-AB21-24DC1ECCD19D}.Release|x64.ActiveCfg = Release|x64
		{FEEC591F-FBB5-483A-AB21-24DC1ECCD19D}.Release|x64.Build.0 = Release|x64
		{FEEC591F-FBB5-483A-AB21-24DC1ECCD19D}.Release|x86.ActiveCfg = Release|Win32
		{FEEC591F-FBB5-483A-AB21-24DC1ECCD19D}.Release|x86.Build.0 = Release|Win32
		{B720B258-0C20-4187-B984-0A5A0CAC0DE8}.Debug|x64.ActiveCfg = Debug|x64
		{B720B258-0C20-4187-B984-0A5A0CAC0DE8}.Debug|x64.Build.0 = Debug|x64
		{B720B258-0C20-4187-B984-0A5A0CAC0DE8}.Debug|x86.ActiveCfg = Debug|Win32
		{B720B258-0C20-4187-B984-0A5A0CAC0DE8}.Debug|x86.Build.0 = Debug|Win32
		{B720B258-0C20-4187-B984-0A5A0CAC0DE8}.Release|x64.ActiveCfg = Release|x64
		{B720B258-0C20-4187-B984-0A5A0CAC0DE8}.Release|x64.Build.0 = Release|x64
		{B720B258-0C20-4187-B984-0A5A0CAC0DE8}.Release|x86.ActiveCfg = Release|Win32
		{B720B258-0C20-4187-B984-0A5A0CAC0DE8}.Release|x86.Build.0 = Release|Win32
		{287A008A-A884-4577-8E6F-4F05BA596316}.Debug|x64.ActiveCfg = Debug|x64
		{287A008A-A884-4577-8E6F-4F05BA596316}.Debug|x64.Build.0 = Debug|x64
		{287A008A-A884-4577-8E6F-4F05BA596316}.Debug|x86.ActiveCfg = Debug|Win32
		{287A008A-A884-4577-8E6F-4F05BA596316}.Debug|x86.Build.0 = Debug|Win32
		{287A008A-A884-4577-8E6F-4F05BA596316}.Release|x64.ActiveCfg = Release|x64
		{287A008A-A884-4577-8E6F-4F05BA596316}.Release|x64.Build.0 = Release|x64
		{287A008A-A884-4577-8E6F-4F05BA596316}.Release|x86.ActiveCfg = Release|Win32
		{287A008A-A884-4577-8E6F-4F05BA596316}.Release|x86.Build.0 = Release|Win32
		{6BA9D5E0-61D9-417E-8A3F-8423EFA4CB94}.Debug|x64.ActiveCfg = Debug|x64
		{6BA9D5E0-61D9-417E-8A3F-8423EFA4CB94}.Debug|x64.Build.0 = Debug|x64
		{6BA9D5E0-61D9-417E-8A3F-8423EFA4CB94}.Debug|x86.ActiveCfg = Debug|Win32
		{6BA9D5E0-61D9-417E-8A3F-8423EFA4CB94}.Debug|x86.Build.0 = Debug|Win32
		{6BA9D5E0-61D9-417E-8A3F-8423EFA4CB94}.Release|x64.ActiveCfg = Release|x64
		{6BA9D5E0-61D9-417E-8A3F-8423EFA4CB94}.Release|x64.Build.0 = Release|x64
		{6BA9D5E0-61D9-417E-8A3F-8423EFA4CB94}.Release|x86.ActiveCfg = Release|Win32
		{6BA9D5E0-61D9-417E-8A3F-8423EFA4CB94}.Release|x86.Build.0 = Release|Win32
		{6496A38B-FA37-4F48-A513-73419FED8676}.Debug|x64.ActiveCfg = Debug|x64
		{6496A38B-FA37-4F48-A513-73419FED8676}.Debug|x64.Build.0 = Debug|x64
		{6496A38B-FA37-4F48-A513-73419FED8676}.Debug|x86.ActiveCfg = Debug|Win32
		{6496A38B-FA37-4F48-A513-73419FED8676}.Debug|x86.Build.0 = Debug|Win32
		{6496A38B-FA37-4F48-A513-73419FED8676}.Release|x64.ActiveCfg = Release|x64
		{6496A38B-FA37-4F48-A513-73419FED8676}.Release|x64.Build.0 = Release|x64
		{6496A38B-FA37-4F48-A513-73419FED8676}.Release|x86.ActiveCfg = Release|Win32
		{6496A38B-FA37-4F48-A513-73419FED8676}.Release|x86.Build.0 = Release|Win32
		{4681ECE5-AACD-4F20-9964-101A5C655EE4}.Debug|x64.ActiveCfg = Debug|x64
		{4681ECE5-AACD-4F20-9964-101A5C655EE4}.Debug|x64.Build.0 = Debug|x64
		{4681ECE5-AACD-4F20-9964-101A5C655EE4}.Debug|x86.ActiveCfg = Debug|Win32
		{4681ECE5-AACD-4F20-9964-101A5C655EE4}.Debug|x86.Build.0 = Debug|Win32
		{4681ECE5-AACD-4F20-9964-101A5C655EE4}.Release|x64.ActiveCfg = Release|x64
		{4681ECE5-AACD-4F20-9964-101A5C655EE4}.Release|x64.Build.0 = Release|x64
		{4681ECE5-AACD-4F20-9964-101A5C655EE4}.Release|x86.ActiveCfg = Release|Win32
		{4681ECE5-AACD-4F20-9964-101A5C655EE4}.Release|x86.Build.0 = Release|Win32
		{AD61B373-9411-42EE-8C92-833DA8BD5A00}.Debug|x64.ActiveCfg = Debug|x64
		{AD61B373-9411-42EE-8C92-833DA8BD5A00}.Debug|x64.Build.0 = Debug|x64
		{AD61B373-9411-42EE-8C92-833DA8BD5A00}.Debug|x86.ActiveCfg = Debug|Win32
		{AD61B373-9411-42EE-8C92-833DA8BD5A00}.Debug|x86.Build.0 = Debug|Win32
		{AD61B373-9411-42EE-8C92-833DA8BD5A00}.Release|x64.ActiveCfg = Release|x64
		{AD61B373-9411-42EE-8C92-833DA8BD5A00}.Release|x64.Build.0 = Release|x64
		{AD61B373-9411-42EE-8C92-833DA8BD5A00}.Release|x86.ActiveCfg = Release|Win32
		{AD61B373-9411-42EE-8C92-833DA8BD5A00}.Release|x86.Build.0 = Release|Win32
		{0A230CE3-50BB-41DF-93A6-144E87E65467}.Debug|x64.ActiveCfg = Debug|x64
		{0A230CE3-50BB-41DF-93A6-144E87E65467}.Debug|x64.Build.0 = Debug|x64
		{0A230CE3-50BB-41DF-93A6-144E87E65467}.Debug|x86.ActiveCfg = Debug|Win32
		{0A230CE3-50BB-41DF-93A6-144E87E65467}.Debug|x86.Build.0 = Debug|Win32
		{0A230CE3-50BB-41DF-93A6-144E87E65467}.Release|x64.ActiveCfg = Release|x64
		{0A230CE3-50BB-41DF-93A6-144E87E65467}.Release|x64.Build.0 = Release|x64
		{0A230CE3-50BB-41DF-93A6-144E87E65467}.Release|x86.ActiveCfg = Release|Win32
		{0A230CE3-50BB-41DF-93A6-144E87E65467}.Release|x86.Build.0 = Release|Win32
		{B7A611E2-209B-4923-A952-8DECF28362E4}.Debug|x64.ActiveCfg = Debug|x64
		{B7A611E2-209B-4923-A952-8DECF28362E4}.Debug|x64.Build.0 = Debug|x64
		{B7A611E2-209B-4923-A952-8DECF28362E4}.Debug|x86.ActiveCfg = Debug|Win32
		{B7A611E2-209B-4923-A952-8DECF28362E4}.Debug|x86.Build.0 = Debug|Win32
		{B7A611E2-209B-4923-A952-8DECF28362E4}.Release|x64.ActiveCfg = Release|x64
		{B7A611E2-209B-4923-A952-8DECF28362E4}.Release|x64.Build.0 = Release|x64
		{B7A611E2-209B-4923-A952-8DECF28362E4}.Release|x86.ActiveCfg = Release|Win32
		{B7A611E2-209B-4923-A952-8DECF28362E4}.Release|x86.Build.0 = Release|Win32
		{08416F40-EC54-4D70-B24B-6CFF0D7EFDB6}.Debug|x64.ActiveCfg = Debug|x64
		{08416F40-EC54-4D70-B24B-6CFF0D7EFDB6}.Debug|x64.Build.0 = Debug|x64
		{08416F40-EC54-4D70-B24B-6CFF0D7EFDB6}.Debug|x86.ActiveCfg = Debug|Win32
		{08416F40-EC54-4D70-B24B-6CFF0D7EFDB6}.Debug|x86.Build.0 = Debug|Win32
		{08416F40-EC54-4D70-B24B-6CFF0D7EFDB6}.Release|x64.ActiveCfg = Release|x64
		{08416F40-EC54-4D70-B24B-6CFF0D7EFDB6}.Release|x64.Build.0 = Release|x64
		{08416F40-EC54-4D70-B24B-6CFF0D7EFDB6}.Release|x86.ActiveCfg = Release|Win32
		{08416F40-EC54-4D70-B24B-6CFF0D7EFDB6}.Release|x86.Build.0 = Release|Win32
		{8FAC70C1-7E0B-420D-8C4B-1E7BFC114362}.Debug|x64.ActiveCfg = Debug|x64
		{8FAC70C1-7E0B-420D-8C4B-1E7BFC114362}.Debug|x64.Build.0 = Debug|x64
		{8FAC70C1-7E0B-420D-8C4B-1E7BFC114362}.Debug|x86.ActiveCfg = Debug|Win32
		{8FAC70C1-7E0B-420D-8C4B-1E7BFC114362}.Debug|x86.Build.0 = Debug|Win32
		{8FAC70C1-7E0B-420D-8C4B-1E7BFC114362}.Release|x64.ActiveCfg = Release|x64
		{8FAC70C1-7E0B-420D-8C4B-1E7BFC114362}.Release|x64.Build.0 = Release|x64
		{8FAC70C1-7E0B-420D-8C4B-1E7BFC114362}.Release|x86.ActiveCfg = Release|Win32
		{8FAC70C1-7E0B-420D-8C4B-1E7BFC114362}.Release|x86.Build.0 = Release|Win32
		{9EA49662-7101-43EC-BD95-7772E83E7187}.Debug|x64.ActiveCfg = Debug|x64
		{9EA49662-7101-43EC-BD95-7772E83E7187}.Debug|x64.Build.0 = Debug|x64
		{9EA49662-7101-43EC-BD95-7772E83E7187}.Debug|x86.ActiveCfg = Debug|Win32
		{9EA49662-7101-43EC-BD95-7772E83E7187}.Debug|x86.Build.0 = Debug|Win32
		{9EA49662-7101-43EC-BD95-7772E83E7187}.Release|x64.ActiveCfg = Release|x64
		{9EA49662-7101-43EC-BD95-7772E83E7187}.Release|x64.Build.0 = Release|x64
		{9EA49662-7101-43EC-BD95-7772E83E7187}.Release|x86.ActiveCfg = Release|Win32
		{9EA49662-7101-43EC-BD95-7772E83E7187}.Release|x86.Build.0 = Release|Win32
		{A1F5715A-0784-483D-B19E-C51BA15258B8}.Debug|x64.ActiveCfg = Debug|x64
		{A1F5715A-0784-483D-B19E-C51BA15258B8}.Debug|x64.Build.0 = Debug|x64
		{A1F5715A-0784-483D-B19E-C51BA15258B8}.Debug|x86.ActiveCfg = Debug|Win32
		{A1F5715A-0784-483D-B19E-C51BA15258B8}.Debug|x86.Build.0 = Debug|Win32
		{A1F5715A-0784-483D-B19E-C51BA15258B8}.Release|x64.ActiveCfg = Release|x64
		{A1F5715A-0784-483D-B19E-C51BA15258B8}.Release|x64.Build.0 = Release|x64
		{A1F5715A-0784-483D-B19E-C51BA15258B8}.Release|x86.ActiveCfg = Release|Win32
		{A1F5715A-0784-483D-B19E-C51BA15258B8}.Release|x86.Build.0 = Release|Win32
		{96798D73-7E6C-406B-B5DC-73137E7C5DEF}.Debug|x64.ActiveCfg = Debug|x64
		{96798D73-7E6C-406B-B5DC-73137E7C5DEF}.Debug|x64.Build.0 = Debug|x64
		{96798D73-7E6C-406B-B5DC-73137E7C5DEF}.Debug|x86.ActiveCfg = Debug|Win32
		{96798D73-7E6C-406B-B5DC-73137E7C5DEF}.Debug|x86.Build.0 = Debug|Win32
		{96798D73-7E6C-406B-B5DC-73137E7C5DEF}.Release|x64.ActiveCfg = Release|x64
		{96798D73-7E6C-406B-B5DC-73137E7C5DEF}.Release|x64.Build.0 = Release|x64
		{96798D73-7E6C-406B-B5DC-73137E7C5DEF}.Release|x86.ActiveCfg = Release|Win32
		{96798D73-7E6C-406B-B5DC-73137E7C5DEF}.Release|x86.Build.0 = Release|Win32
		{F2A932EF-69C5-4667-9410-7463C51B3EA9}.Debug|x64.ActiveCfg = Debug|x64
		{F2A932EF-69C5-4667-9410-7463C51B3EA9}.Debug|x64.Build.0 = Debug|x64
		{F2A932EF-69C5-4667-9410-7463C51B3EA9}.Debug|x86.ActiveCfg = Debug|Win32
		{F2A932EF-69C5-4667-9410-7463C51B3EA9}.Debug|x86.Build.0 = Debug|Win32
		{F2A932EF-69C5-4667-9410-7463C51B3EA9}.Release|x64.ActiveCfg = Release|x64
		{F2A932EF-69C5-4667-9410-7463C51B3EA9}.Release|x64.Build.0 = Release|x64
		{F2A932EF-69C5-4667-9410-7463C51B3EA9}.Release|x86.ActiveCfg = Release|Win32
		{F2A932EF-69C5-4667-9410-7463C51B3EA9}.Release|x86.Build.0 = Release|Win32
		{EAEB35BA-7653-4F4D-AE7C-A15E5116C1EB}.Debug|x64.ActiveCfg = Debug|x64
		{EAEB35BA-7653-4F4D-AE7C-A15E5116C1EB}.Debug|x64.Build.0 = Debug|x64
		{EAEB35BA-7653-4F4D-AE7C-A15E5116C1EB}.Debug|x86.ActiveCfg = Debug|Win32
		{EAEB35BA-7653-4F4D-AE7C-A15E5116C1EB}.Debug|x86.Build.0 = Debug|Win32
		{EAEB35BA-7653-4F4D-AE7C-A15E5116C1EB}.Release|x64.ActiveCfg = Release|x64
		{EAEB35BA-7653-4F4D-AE7C-A15E5116C1EB}.Release|x64.Build.0 = Release|x64
		{EAEB35BA-7653-4F4D-AE7C-A15E5116C1EB}.Release|x86.ActiveCfg = Release|Win32
		{EAEB35BA-7653-4F4D-AE7C-A15E5116C1EB}.Release|x86.Build.0 = Release|Win32
		{A036603E-DA0E-4648-91C5-B79CA5BFB5BF}.Debug|x64.ActiveCfg = Debug|x64
		{A036603E-DA0E-4648-91C5-B79CA5BFB5BF}.Debug|x64.Build.0 = Debug|x64
		{A036603E-DA0E-4648-91C5-B79CA5BFB5BF}.Debug|x86.ActiveCfg = Debug|Win32
		{A036603E-DA0E-4648-91C5-B79CA5BFB5BF}.Debug|x86.Build.0 = Debug|Win32
		{A036603E-DA0E-4648-91C5-B79CA5BFB5BF}.Release|x64.ActiveCfg = Release|x64
		{A036603E-DA0E-4648-91C5-B79CA5BFB5BF}.Release|x64.Build.0 = Release|x64
		{A036603E-DA0E-4648-91C5-B79CA5BFB5BF}.Release|x86.ActiveCfg = Release|Win32
		{A036603E-DA0E-4648-91C5-B79CA5BFB5BF}.Release|x86.Build.0 = Release|Win32
	EndGlobalSection
	GlobalSection(SolutionProperties) = preSolution
		HideSolutionNode = FALSE
	EndGlobalSection
	GlobalSection(ExtensibilityGlobals) = postSolution
		SolutionGuid = {ECCE94CB-A2E8-4A36-B840-41F2D7FAC157}
	EndGlobalSection
EndGlobal
